# THIS IS AN AUTOGENERATED FILE. DO NOT EDIT THIS FILE DIRECTLY.
# yarn lockfile v1


lodash.isarraylike@^4.2.0:
  version "4.2.0"
  resolved "https://registry.yarnpkg.com/lodash.isarraylike/-/lodash.isarraylike-4.2.0.tgz#4623310ab318804b667ddc3619058137559400c4"
  integrity sha1-RiMxCrMYgEtmfdw2GQWBN1WUAMQ=

nanoid@^2.0.3:
  version "2.0.3"
  resolved "https://registry.yarnpkg.com/nanoid/-/nanoid-2.0.3.tgz#dde999e173bc9d7bd2ee2746b89909ade98e075e"
  integrity sha512-NbaoqdhIYmY6FXDRB4eYtDVC9Z9eCbn8TyaiC16LNKtpPv/aqa0tOPD8y6gNE4yUNnaZ7LLhYtXOev/6+cBtfw==
